// !$*UTF8*$!
{
	archiveVersion = 1;
	classes = {
	};
	objectVersion = 46;
	objects = {

/* Begin PBXBuildFile section */
		0DA67471179E6EB900876BDE /* UIKit.framework in Frameworks */ = {isa = PBXBuildFile; fileRef = 0DA67470179E6EB900876BDE /* UIKit.framework */; };
		0DA67473179E6EB900876BDE /* Foundation.framework in Frameworks */ = {isa = PBXBuildFile; fileRef = 0DA67472179E6EB900876BDE /* Foundation.framework */; };
		0DA67475179E6EB900876BDE /* CoreGraphics.framework in Frameworks */ = {isa = PBXBuildFile; fileRef = 0DA67474179E6EB900876BDE /* CoreGraphics.framework */; };
		0DA6747B179E6EB900876BDE /* InfoPlist.strings in Resources */ = {isa = PBXBuildFile; fileRef = 0DA67479179E6EB900876BDE /* InfoPlist.strings */; };
		0DA6747D179E6EB900876BDE /* main.m in Sources */ = {isa = PBXBuildFile; fileRef = 0DA6747C179E6EB900876BDE /* main.m */; };
		0DA67481179E6EB900876BDE /* AppDelegate.m in Sources */ = {isa = PBXBuildFile; fileRef = 0DA67480179E6EB900876BDE /* AppDelegate.m */; };
		0DA67483179E6EB900876BDE /* Default.png in Resources */ = {isa = PBXBuildFile; fileRef = 0DA67482179E6EB900876BDE /* Default.png */; };
		0DA67485179E6EB900876BDE /* Default@2x.png in Resources */ = {isa = PBXBuildFile; fileRef = 0DA67484179E6EB900876BDE /* Default@2x.png */; };
		0DA67487179E6EB900876BDE /* Default-568h@2x.png in Resources */ = {isa = PBXBuildFile; fileRef = 0DA67486179E6EB900876BDE /* Default-568h@2x.png */; };
		0DA6748A179E6EB900876BDE /* MainStoryboard.storyboard in Resources */ = {isa = PBXBuildFile; fileRef = 0DA67488179E6EB900876BDE /* MainStoryboard.storyboard */; };
		0DA6748D179E6EB900876BDE /* MasterViewController.m in Sources */ = {isa = PBXBuildFile; fileRef = 0DA6748C179E6EB900876BDE /* MasterViewController.m */; };
		0DA67490179E6EB900876BDE /* DetailViewController.m in Sources */ = {isa = PBXBuildFile; fileRef = 0DA6748F179E6EB900876BDE /* DetailViewController.m */; };
		0DA67498179E6EB900876BDE /* SenTestingKit.framework in Frameworks */ = {isa = PBXBuildFile; fileRef = 0DA67497179E6EB900876BDE /* SenTestingKit.framework */; };
		0DA67499179E6EB900876BDE /* UIKit.framework in Frameworks */ = {isa = PBXBuildFile; fileRef = 0DA67470179E6EB900876BDE /* UIKit.framework */; };
		0DA6749A179E6EB900876BDE /* Foundation.framework in Frameworks */ = {isa = PBXBuildFile; fileRef = 0DA67472179E6EB900876BDE /* Foundation.framework */; };
		0DA674A2179E6EB900876BDE /* InfoPlist.strings in Resources */ = {isa = PBXBuildFile; fileRef = 0DA674A0179E6EB900876BDE /* InfoPlist.strings */; };
		0DA674A5179E6EB900876BDE /* MapTests.m in Sources */ = {isa = PBXBuildFile; fileRef = 0DA674A4179E6EB900876BDE /* MapTests.m */; };
		0DA674C6179E72ED00876BDE /* MapKit.framework in Frameworks */ = {isa = PBXBuildFile; fileRef = 0DA674C5179E72ED00876BDE /* MapKit.framework */; };
		0DA674C8179E756600876BDE /* CoreLocation.framework in Frameworks */ = {isa = PBXBuildFile; fileRef = 0DA674C7179E756600876BDE /* CoreLocation.framework */; };
		0DB0D06917A25F230078A0BA /* Foursquare2.m in Sources */ = {isa = PBXBuildFile; fileRef = 0DB0D05D17A25F230078A0BA /* Foursquare2.m */; };
		0DB0D06A17A25F230078A0BA /* FSRequester.m in Sources */ = {isa = PBXBuildFile; fileRef = 0DB0D05F17A25F230078A0BA /* FSRequester.m */; };
		0DB0D06B17A25F230078A0BA /* FSTargetCallback.m in Sources */ = {isa = PBXBuildFile; fileRef = 0DB0D06117A25F230078A0BA /* FSTargetCallback.m */; };
		0DB0D06C17A25F230078A0BA /* FSWebLogin.m in Sources */ = {isa = PBXBuildFile; fileRef = 0DB0D06317A25F230078A0BA /* FSWebLogin.m */; };
		0DB0D06D17A25F230078A0BA /* FSWebLogin.xib in Resources */ = {isa = PBXBuildFile; fileRef = 0DB0D06417A25F230078A0BA /* FSWebLogin.xib */; };
		0DB0D06E17A25F230078A0BA /* pin.png in Resources */ = {isa = PBXBuildFile; fileRef = 0DB0D06517A25F230078A0BA /* pin.png */; };
		0DB0D06F17A25F230078A0BA /* pin@2x.png in Resources */ = {isa = PBXBuildFile; fileRef = 0DB0D06617A25F230078A0BA /* pin@2x.png */; };
		0DB0D07017A25F230078A0BA /* poweredByFoursquare_gray.png in Resources */ = {isa = PBXBuildFile; fileRef = 0DB0D06717A25F230078A0BA /* poweredByFoursquare_gray.png */; };
		0DB0D07117A25F230078A0BA /* poweredByFoursquare_gray@2x.png in Resources */ = {isa = PBXBuildFile; fileRef = 0DB0D06817A25F230078A0BA /* poweredByFoursquare_gray@2x.png */; };
/* End PBXBuildFile section */

/* Begin PBXContainerItemProxy section */
		0DA6749B179E6EB900876BDE /* PBXContainerItemProxy */ = {
			isa = PBXContainerItemProxy;
			containerPortal = 0DA67465179E6EB900876BDE /* Project object */;
			proxyType = 1;
			remoteGlobalIDString = 0DA6746C179E6EB900876BDE;
			remoteInfo = Map;
		};
/* End PBXContainerItemProxy section */

/* Begin PBXFileReference section */
		0DA6746D179E6EB900876BDE /* Map.app */ = {isa = PBXFileReference; explicitFileType = wrapper.application; includeInIndex = 0; path = Map.app; sourceTree = BUILT_PRODUCTS_DIR; };
		0DA67470179E6EB900876BDE /* UIKit.framework */ = {isa = PBXFileReference; lastKnownFileType = wrapper.framework; name = UIKit.framework; path = System/Library/Frameworks/UIKit.framework; sourceTree = SDKROOT; };
		0DA67472179E6EB900876BDE /* Foundation.framework */ = {isa = PBXFileReference; lastKnownFileType = wrapper.framework; name = Foundation.framework; path = System/Library/Frameworks/Foundation.framework; sourceTree = SDKROOT; };
		0DA67474179E6EB900876BDE /* CoreGraphics.framework */ = {isa = PBXFileReference; lastKnownFileType = wrapper.framework; name = CoreGraphics.framework; path = System/Library/Frameworks/CoreGraphics.framework; sourceTree = SDKROOT; };
		0DA67478179E6EB900876BDE /* Map-Info.plist */ = {isa = PBXFileReference; lastKnownFileType = text.plist.xml; path = "Map-Info.plist"; sourceTree = "<group>"; };
		0DA6747A179E6EB900876BDE /* en */ = {isa = PBXFileReference; lastKnownFileType = text.plist.strings; name = en; path = en.lproj/InfoPlist.strings; sourceTree = "<group>"; };
		0DA6747C179E6EB900876BDE /* main.m */ = {isa = PBXFileReference; lastKnownFileType = sourcecode.c.objc; path = main.m; sourceTree = "<group>"; };
		0DA6747E179E6EB900876BDE /* Map-Prefix.pch */ = {isa = PBXFileReference; lastKnownFileType = sourcecode.c.h; path = "Map-Prefix.pch"; sourceTree = "<group>"; };
		0DA6747F179E6EB900876BDE /* AppDelegate.h */ = {isa = PBXFileReference; lastKnownFileType = sourcecode.c.h; path = AppDelegate.h; sourceTree = "<group>"; };
		0DA67480179E6EB900876BDE /* AppDelegate.m */ = {isa = PBXFileReference; lastKnownFileType = sourcecode.c.objc; path = AppDelegate.m; sourceTree = "<group>"; };
		0DA67482179E6EB900876BDE /* Default.png */ = {isa = PBXFileReference; lastKnownFileType = image.png; path = Default.png; sourceTree = "<group>"; };
		0DA67484179E6EB900876BDE /* Default@2x.png */ = {isa = PBXFileReference; lastKnownFileType = image.png; path = "Default@2x.png"; sourceTree = "<group>"; };
		0DA67486179E6EB900876BDE /* Default-568h@2x.png */ = {isa = PBXFileReference; lastKnownFileType = image.png; path = "Default-568h@2x.png"; sourceTree = "<group>"; };
		0DA67489179E6EB900876BDE /* en */ = {isa = PBXFileReference; lastKnownFileType = file.storyboard; name = en; path = en.lproj/MainStoryboard.storyboard; sourceTree = "<group>"; };
		0DA6748B179E6EB900876BDE /* MasterViewController.h */ = {isa = PBXFileReference; lastKnownFileType = sourcecode.c.h; path = MasterViewController.h; sourceTree = "<group>"; };
		0DA6748C179E6EB900876BDE /* MasterViewController.m */ = {isa = PBXFileReference; lastKnownFileType = sourcecode.c.objc; path = MasterViewController.m; sourceTree = "<group>"; };
		0DA6748E179E6EB900876BDE /* DetailViewController.h */ = {isa = PBXFileReference; lastKnownFileType = sourcecode.c.h; path = DetailViewController.h; sourceTree = "<group>"; };
		0DA6748F179E6EB900876BDE /* DetailViewController.m */ = {isa = PBXFileReference; lastKnownFileType = sourcecode.c.objc; path = DetailViewController.m; sourceTree = "<group>"; };
		0DA67496179E6EB900876BDE /* MapTests.octest */ = {isa = PBXFileReference; explicitFileType = wrapper.cfbundle; includeInIndex = 0; path = MapTests.octest; sourceTree = BUILT_PRODUCTS_DIR; };
		0DA67497179E6EB900876BDE /* SenTestingKit.framework */ = {isa = PBXFileReference; lastKnownFileType = wrapper.framework; name = SenTestingKit.framework; path = Library/Frameworks/SenTestingKit.framework; sourceTree = DEVELOPER_DIR; };
		0DA6749F179E6EB900876BDE /* MapTests-Info.plist */ = {isa = PBXFileReference; lastKnownFileType = text.plist.xml; path = "MapTests-Info.plist"; sourceTree = "<group>"; };
		0DA674A1179E6EB900876BDE /* en */ = {isa = PBXFileReference; lastKnownFileType = text.plist.strings; name = en; path = en.lproj/InfoPlist.strings; sourceTree = "<group>"; };
		0DA674A3179E6EB900876BDE /* MapTests.h */ = {isa = PBXFileReference; lastKnownFileType = sourcecode.c.h; path = MapTests.h; sourceTree = "<group>"; };
		0DA674A4179E6EB900876BDE /* MapTests.m */ = {isa = PBXFileReference; lastKnownFileType = sourcecode.c.objc; path = MapTests.m; sourceTree = "<group>"; };
		0DA674C5179E72ED00876BDE /* MapKit.framework */ = {isa = PBXFileReference; lastKnownFileType = wrapper.framework; name = MapKit.framework; path = System/Library/Frameworks/MapKit.framework; sourceTree = SDKROOT; };
		0DA674C7179E756600876BDE /* CoreLocation.framework */ = {isa = PBXFileReference; lastKnownFileType = wrapper.framework; name = CoreLocation.framework; path = System/Library/Frameworks/CoreLocation.framework; sourceTree = SDKROOT; };
		0DB0D05C17A25F230078A0BA /* Foursquare2.h */ = {isa = PBXFileReference; fileEncoding = 4; lastKnownFileType = sourcecode.c.h; path = Foursquare2.h; sourceTree = "<group>"; };
		0DB0D05D17A25F230078A0BA /* Foursquare2.m */ = {isa = PBXFileReference; fileEncoding = 4; lastKnownFileType = sourcecode.c.objc; path = Foursquare2.m; sourceTree = "<group>"; };
		0DB0D05E17A25F230078A0BA /* FSRequester.h */ = {isa = PBXFileReference; fileEncoding = 4; lastKnownFileType = sourcecode.c.h; path = FSRequester.h; sourceTree = "<group>"; };
		0DB0D05F17A25F230078A0BA /* FSRequester.m */ = {isa = PBXFileReference; fileEncoding = 4; lastKnownFileType = sourcecode.c.objc; path = FSRequester.m; sourceTree = "<group>"; };
		0DB0D06017A25F230078A0BA /* FSTargetCallback.h */ = {isa = PBXFileReference; fileEncoding = 4; lastKnownFileType = sourcecode.c.h; path = FSTargetCallback.h; sourceTree = "<group>"; };
		0DB0D06117A25F230078A0BA /* FSTargetCallback.m */ = {isa = PBXFileReference; fileEncoding = 4; lastKnownFileType = sourcecode.c.objc; path = FSTargetCallback.m; sourceTree = "<group>"; };
		0DB0D06217A25F230078A0BA /* FSWebLogin.h */ = {isa = PBXFileReference; fileEncoding = 4; lastKnownFileType = sourcecode.c.h; path = FSWebLogin.h; sourceTree = "<group>"; };
		0DB0D06317A25F230078A0BA /* FSWebLogin.m */ = {isa = PBXFileReference; fileEncoding = 4; lastKnownFileType = sourcecode.c.objc; path = FSWebLogin.m; sourceTree = "<group>"; };
		0DB0D06417A25F230078A0BA /* FSWebLogin.xib */ = {isa = PBXFileReference; fileEncoding = 4; lastKnownFileType = file.xib; path = FSWebLogin.xib; sourceTree = "<group>"; };
		0DB0D06517A25F230078A0BA /* pin.png */ = {isa = PBXFileReference; lastKnownFileType = image.png; path = pin.png; sourceTree = "<group>"; };
		0DB0D06617A25F230078A0BA /* pin@2x.png */ = {isa = PBXFileReference; lastKnownFileType = image.png; path = "pin@2x.png"; sourceTree = "<group>"; };
		0DB0D06717A25F230078A0BA /* poweredByFoursquare_gray.png */ = {isa = PBXFileReference; lastKnownFileType = image.png; path = poweredByFoursquare_gray.png; sourceTree = "<group>"; };
		0DB0D06817A25F230078A0BA /* poweredByFoursquare_gray@2x.png */ = {isa = PBXFileReference; lastKnownFileType = image.png; path = "poweredByFoursquare_gray@2x.png"; sourceTree = "<group>"; };
/* End PBXFileReference section */

/* Begin PBXFrameworksBuildPhase section */
		0DA6746A179E6EB900876BDE /* Frameworks */ = {
			isa = PBXFrameworksBuildPhase;
			buildActionMask = 2147483647;
			files = (
				0DA674C8179E756600876BDE /* CoreLocation.framework in Frameworks */,
				0DA674C6179E72ED00876BDE /* MapKit.framework in Frameworks */,
				0DA67471179E6EB900876BDE /* UIKit.framework in Frameworks */,
				0DA67473179E6EB900876BDE /* Foundation.framework in Frameworks */,
				0DA67475179E6EB900876BDE /* CoreGraphics.framework in Frameworks */,
			);
			runOnlyForDeploymentPostprocessing = 0;
		};
		0DA67492179E6EB900876BDE /* Frameworks */ = {
			isa = PBXFrameworksBuildPhase;
			buildActionMask = 2147483647;
			files = (
				0DA67498179E6EB900876BDE /* SenTestingKit.framework in Frameworks */,
				0DA67499179E6EB900876BDE /* UIKit.framework in Frameworks */,
				0DA6749A179E6EB900876BDE /* Foundation.framework in Frameworks */,
			);
			runOnlyForDeploymentPostprocessing = 0;
		};
/* End PBXFrameworksBuildPhase section */

/* Begin PBXGroup section */
		0DA67464179E6EB900876BDE = {
			isa = PBXGroup;
			children = (
				0DA674C7179E756600876BDE /* CoreLocation.framework */,
				0DA674C5179E72ED00876BDE /* MapKit.framework */,
				0DA67476179E6EB900876BDE /* Map */,
				0DA6749D179E6EB900876BDE /* MapTests */,
				0DA6746F179E6EB900876BDE /* Frameworks */,
				0DA6746E179E6EB900876BDE /* Products */,
			);
			sourceTree = "<group>";
		};
		0DA6746E179E6EB900876BDE /* Products */ = {
			isa = PBXGroup;
			children = (
				0DA6746D179E6EB900876BDE /* Map.app */,
				0DA67496179E6EB900876BDE /* MapTests.octest */,
			);
			name = Products;
			sourceTree = "<group>";
		};
		0DA6746F179E6EB900876BDE /* Frameworks */ = {
			isa = PBXGroup;
			children = (
				0DA67470179E6EB900876BDE /* UIKit.framework */,
				0DA67472179E6EB900876BDE /* Foundation.framework */,
				0DA67474179E6EB900876BDE /* CoreGraphics.framework */,
				0DA67497179E6EB900876BDE /* SenTestingKit.framework */,
			);
			name = Frameworks;
			sourceTree = "<group>";
		};
		0DA67476179E6EB900876BDE /* Map */ = {
			isa = PBXGroup;
			children = (
				0DA6747F179E6EB900876BDE /* AppDelegate.h */,
				0DA67480179E6EB900876BDE /* AppDelegate.m */,
				0DA67488179E6EB900876BDE /* MainStoryboard.storyboard */,
				0DA6748B179E6EB900876BDE /* MasterViewController.h */,
				0DA6748C179E6EB900876BDE /* MasterViewController.m */,
				0DA6748E179E6EB900876BDE /* DetailViewController.h */,
				0DA6748F179E6EB900876BDE /* DetailViewController.m */,
				0DB0D05B17A25F230078A0BA /* Foursquare2 */,
				0DA67477179E6EB900876BDE /* Supporting Files */,
			);
			path = Map;
			sourceTree = "<group>";
		};
		0DA67477179E6EB900876BDE /* Supporting Files */ = {
			isa = PBXGroup;
			children = (
				0DA67478179E6EB900876BDE /* Map-Info.plist */,
				0DA67479179E6EB900876BDE /* InfoPlist.strings */,
				0DA6747C179E6EB900876BDE /* main.m */,
				0DA6747E179E6EB900876BDE /* Map-Prefix.pch */,
				0DA67482179E6EB900876BDE /* Default.png */,
				0DA67484179E6EB900876BDE /* Default@2x.png */,
				0DA67486179E6EB900876BDE /* Default-568h@2x.png */,
			);
			name = "Supporting Files";
			sourceTree = "<group>";
		};
		0DA6749D179E6EB900876BDE /* MapTests */ = {
			isa = PBXGroup;
			children = (
				0DA674A3179E6EB900876BDE /* MapTests.h */,
				0DA674A4179E6EB900876BDE /* MapTests.m */,
				0DA6749E179E6EB900876BDE /* Supporting Files */,
			);
			path = MapTests;
			sourceTree = "<group>";
		};
		0DA6749E179E6EB900876BDE /* Supporting Files */ = {
			isa = PBXGroup;
			children = (
				0DA6749F179E6EB900876BDE /* MapTests-Info.plist */,
				0DA674A0179E6EB900876BDE /* InfoPlist.strings */,
			);
			name = "Supporting Files";
			sourceTree = "<group>";
		};
		0DB0D05B17A25F230078A0BA /* Foursquare2 */ = {
			isa = PBXGroup;
			children = (
				0DB0D05C17A25F230078A0BA /* Foursquare2.h */,
				0DB0D05D17A25F230078A0BA /* Foursquare2.m */,
				0DB0D05E17A25F230078A0BA /* FSRequester.h */,
				0DB0D05F17A25F230078A0BA /* FSRequester.m */,
				0DB0D06017A25F230078A0BA /* FSTargetCallback.h */,
				0DB0D06117A25F230078A0BA /* FSTargetCallback.m */,
				0DB0D06217A25F230078A0BA /* FSWebLogin.h */,
				0DB0D06317A25F230078A0BA /* FSWebLogin.m */,
				0DB0D06417A25F230078A0BA /* FSWebLogin.xib */,
				0DB0D06517A25F230078A0BA /* pin.png */,
				0DB0D06617A25F230078A0BA /* pin@2x.png */,
				0DB0D06717A25F230078A0BA /* poweredByFoursquare_gray.png */,
				0DB0D06817A25F230078A0BA /* poweredByFoursquare_gray@2x.png */,
			);
			path = Foursquare2;
			sourceTree = "<group>";
		};
/* End PBXGroup section */

/* Begin PBXNativeTarget section */
		0DA6746C179E6EB900876BDE /* Map */ = {
			isa = PBXNativeTarget;
			buildConfigurationList = 0DA674A8179E6EB900876BDE /* Build configuration list for PBXNativeTarget "Map" */;
			buildPhases = (
				0DA67469179E6EB900876BDE /* Sources */,
				0DA6746A179E6EB900876BDE /* Frameworks */,
				0DA6746B179E6EB900876BDE /* Resources */,
			);
			buildRules = (
			);
			dependencies = (
			);
			name = Map;
			productName = Map;
			productReference = 0DA6746D179E6EB900876BDE /* Map.app */;
			productType = "com.apple.product-type.application";
		};
		0DA67495179E6EB900876BDE /* MapTests */ = {
			isa = PBXNativeTarget;
			buildConfigurationList = 0DA674AB179E6EB900876BDE /* Build configuration list for PBXNativeTarget "MapTests" */;
			buildPhases = (
				0DA67491179E6EB900876BDE /* Sources */,
				0DA67492179E6EB900876BDE /* Frameworks */,
				0DA67493179E6EB900876BDE /* Resources */,
				0DA67494179E6EB900876BDE /* ShellScript */,
			);
			buildRules = (
			);
			dependencies = (
				0DA6749C179E6EB900876BDE /* PBXTargetDependency */,
			);
			name = MapTests;
			productName = MapTests;
			productReference = 0DA67496179E6EB900876BDE /* MapTests.octest */;
			productType = "com.apple.product-type.bundle";
		};
/* End PBXNativeTarget section */

/* Begin PBXProject section */
		0DA67465179E6EB900876BDE /* Project object */ = {
			isa = PBXProject;
			attributes = {
				LastUpgradeCheck = 0460;
				ORGANIZATIONNAME = Mitakalab;
			};
			buildConfigurationList = 0DA67468179E6EB900876BDE /* Build configuration list for PBXProject "Map" */;
			compatibilityVersion = "Xcode 3.2";
			developmentRegion = English;
			hasScannedForEncodings = 0;
			knownRegions = (
				en,
			);
			mainGroup = 0DA67464179E6EB900876BDE;
			productRefGroup = 0DA6746E179E6EB900876BDE /* Products */;
			projectDirPath = "";
			projectRoot = "";
			targets = (
				0DA6746C179E6EB900876BDE /* Map */,
				0DA67495179E6EB900876BDE /* MapTests */,
			);
		};
/* End PBXProject section */

/* Begin PBXResourcesBuildPhase section */
		0DA6746B179E6EB900876BDE /* Resources */ = {
			isa = PBXResourcesBuildPhase;
			buildActionMask = 2147483647;
			files = (
				0DA6747B179E6EB900876BDE /* InfoPlist.strings in Resources */,
				0DA67483179E6EB900876BDE /* Default.png in Resources */,
				0DA67485179E6EB900876BDE /* Default@2x.png in Resources */,
				0DA67487179E6EB900876BDE /* Default-568h@2x.png in Resources */,
				0DA6748A179E6EB900876BDE /* MainStoryboard.storyboard in Resources */,
				0DB0D06D17A25F230078A0BA /* FSWebLogin.xib in Resources */,
				0DB0D06E17A25F230078A0BA /* pin.png in Resources */,
				0DB0D06F17A25F230078A0BA /* pin@2x.png in Resources */,
				0DB0D07017A25F230078A0BA /* poweredByFoursquare_gray.png in Resources */,
				0DB0D07117A25F230078A0BA /* poweredByFoursquare_gray@2x.png in Resources */,
			);
			runOnlyForDeploymentPostprocessing = 0;
		};
		0DA67493179E6EB900876BDE /* Resources */ = {
			isa = PBXResourcesBuildPhase;
			buildActionMask = 2147483647;
			files = (
				0DA674A2179E6EB900876BDE /* InfoPlist.strings in Resources */,
			);
			runOnlyForDeploymentPostprocessing = 0;
		};
/* End PBXResourcesBuildPhase section */

/* Begin PBXShellScriptBuildPhase section */
		0DA67494179E6EB900876BDE /* ShellScript */ = {
			isa = PBXShellScriptBuildPhase;
			buildActionMask = 2147483647;
			files = (
			);
			inputPaths = (
			);
			outputPaths = (
			);
			runOnlyForDeploymentPostprocessing = 0;
			shellPath = /bin/sh;
			shellScript = "# Run the unit tests in this test bundle.\n\"${SYSTEM_DEVELOPER_DIR}/Tools/RunUnitTests\"\n";
		};
/* End PBXShellScriptBuildPhase section */

/* Begin PBXSourcesBuildPhase section */
		0DA67469179E6EB900876BDE /* Sources */ = {
			isa = PBXSourcesBuildPhase;
			buildActionMask = 2147483647;
			files = (
				0DA6747D179E6EB900876BDE /* main.m in Sources */,
				0DA67481179E6EB900876BDE /* AppDelegate.m in Sources */,
				0DA6748D179E6EB900876BDE /* MasterViewController.m in Sources */,
				0DA67490179E6EB900876BDE /* DetailViewController.m in Sources */,
				0DB0D06917A25F230078A0BA /* Foursquare2.m in Sources */,
				0DB0D06A17A25F230078A0BA /* FSRequester.m in Sources */,
				0DB0D06B17A25F230078A0BA /* FSTargetCallback.m in Sources */,
				0DB0D06C17A25F230078A0BA /* FSWebLogin.m in Sources */,
			);
			runOnlyForDeploymentPostprocessing = 0;
		};
		0DA67491179E6EB900876BDE /* Sources */ = {
			isa = PBXSourcesBuildPhase;
			buildActionMask = 2147483647;
			files = (
				0DA674A5179E6EB900876BDE /* MapTests.m in Sources */,
			);
			runOnlyForDeploymentPostprocessing = 0;
		};
/* End PBXSourcesBuildPhase section */

/* Begin PBXTargetDependency section */
		0DA6749C179E6EB900876BDE /* PBXTargetDependency */ = {
			isa = PBXTargetDependency;
			target = 0DA6746C179E6EB900876BDE /* Map */;
			targetProxy = 0DA6749B179E6EB900876BDE /* PBXContainerItemProxy */;
		};
/* End PBXTargetDependency section */

/* Begin PBXVariantGroup section */
		0DA67479179E6EB900876BDE /* InfoPlist.strings */ = {
			isa = PBXVariantGroup;
			children = (
				0DA6747A179E6EB900876BDE /* en */,
			);
			name = InfoPlist.strings;
			sourceTree = "<group>";
		};
		0DA67488179E6EB900876BDE /* MainStoryboard.storyboard */ = {
			isa = PBXVariantGroup;
			children = (
				0DA67489179E6EB900876BDE /* en */,
			);
			name = MainStoryboard.storyboard;
			sourceTree = "<group>";
		};
		0DA674A0179E6EB900876BDE /* InfoPlist.strings */ = {
			isa = PBXVariantGroup;
			children = (
				0DA674A1179E6EB900876BDE /* en */,
			);
			name = InfoPlist.strings;
			sourceTree = "<group>";
		};
/* End PBXVariantGroup section */

/* Begin XCBuildConfiguration section */
		0DA674A6179E6EB900876BDE /* Debug */ = {
			isa = XCBuildConfiguration;
			buildSettings = {
				ALWAYS_SEARCH_USER_PATHS = NO;
				CLANG_CXX_LANGUAGE_STANDARD = "gnu++0x";
				CLANG_CXX_LIBRARY = "libc++";
				CLANG_ENABLE_OBJC_ARC = YES;
				CLANG_WARN_CONSTANT_CONVERSION = YES;
				CLANG_WARN_EMPTY_BODY = YES;
				CLANG_WARN_ENUM_CONVERSION = YES;
				CLANG_WARN_INT_CONVERSION = YES;
				CLANG_WARN__DUPLICATE_METHOD_MATCH = YES;
				"CODE_SIGN_IDENTITY[sdk=iphoneos*]" = "iPhone Developer";
				COPY_PHASE_STRIP = NO;
				GCC_C_LANGUAGE_STANDARD = gnu99;
				GCC_DYNAMIC_NO_PIC = NO;
				GCC_OPTIMIZATION_LEVEL = 0;
				GCC_PREPROCESSOR_DEFINITIONS = (
					"DEBUG=1",
					"$(inherited)",
				);
				GCC_SYMBOLS_PRIVATE_EXTERN = NO;
				GCC_WARN_ABOUT_RETURN_TYPE = YES;
				GCC_WARN_UNINITIALIZED_AUTOS = YES;
				GCC_WARN_UNUSED_VARIABLE = YES;
				IPHONEOS_DEPLOYMENT_TARGET = 6.1;
				ONLY_ACTIVE_ARCH = YES;
				SDKROOT = iphoneos;
			};
			name = Debug;
		};
		0DA674A7179E6EB900876BDE /* Release */ = {
			isa = XCBuildConfiguration;
			buildSettings = {
				ALWAYS_SEARCH_USER_PATHS = NO;
				CLANG_CXX_LANGUAGE_STANDARD = "gnu++0x";
				CLANG_CXX_LIBRARY = "libc++";
				CLANG_ENABLE_OBJC_ARC = YES;
				CLANG_WARN_CONSTANT_CONVERSION = YES;
				CLANG_WARN_EMPTY_BODY = YES;
				CLANG_WARN_ENUM_CONVERSION = YES;
				CLANG_WARN_INT_CONVERSION = YES;
				CLANG_WARN__DUPLICATE_METHOD_MATCH = YES;
				"CODE_SIGN_IDENTITY[sdk=iphoneos*]" = "iPhone Developer";
				COPY_PHASE_STRIP = YES;
				GCC_C_LANGUAGE_STANDARD = gnu99;
				GCC_WARN_ABOUT_RETURN_TYPE = YES;
				GCC_WARN_UNINITIALIZED_AUTOS = YES;
				GCC_WARN_UNUSED_VARIABLE = YES;
				IPHONEOS_DEPLOYMENT_TARGET = 6.1;
				OTHER_CFLAGS = "-DNS_BLOCK_ASSERTIONS=1";
				SDKROOT = iphoneos;
				VALIDATE_PRODUCT = YES;
			};
			name = Release;
		};
		0DA674A9179E6EB900876BDE /* Debug */ = {
			isa = XCBuildConfiguration;
			buildSettings = {
				GCC_PRECOMPILE_PREFIX_HEADER = YES;
				GCC_PREFIX_HEADER = "Map/Map-Prefix.pch";
				INFOPLIST_FILE = "Map/Map-Info.plist";
				PRODUCT_NAME = "$(TARGET_NAME)";
				WRAPPER_EXTENSION = app;
			};
			name = Debug;
		};
		0DA674AA179E6EB900876BDE /* Release */ = {
			isa = XCBuildConfiguration;
			buildSettings = {
				GCC_PRECOMPILE_PREFIX_HEADER = YES;
				GCC_PREFIX_HEADER = "Map/Map-Prefix.pch";
				INFOPLIST_FILE = "Map/Map-Info.plist";
				PRODUCT_NAME = "$(TARGET_NAME)";
				WRAPPER_EXTENSION = app;
			};
			name = Release;
		};
		0DA674AC179E6EB900876BDE /* Debug */ = {
			isa = XCBuildConfiguration;
			buildSettings = {
				BUNDLE_LOADER = "$(BUILT_PRODUCTS_DIR)/Map.app/Map";
				FRAMEWORK_SEARCH_PATHS = (
					"\"$(SDKROOT)/Developer/Library/Frameworks\"",
					"\"$(DEVELOPER_LIBRARY_DIR)/Frameworks\"",
				);
				GCC_PRECOMPILE_PREFIX_HEADER = YES;
				GCC_PREFIX_HEADER = "Map/Map-Prefix.pch";
				INFOPLIST_FILE = "MapTests/MapTests-Info.plist";
				PRODUCT_NAME = "$(TARGET_NAME)";
				TEST_HOST = "$(BUNDLE_LOADER)";
				WRAPPER_EXTENSION = octest;
			};
			name = Debug;
		};
		0DA674AD179E6EB900876BDE /* Release */ = {
			isa = XCBuildConfiguration;
			buildSettings = {
				BUNDLE_LOADER = "$(BUILT_PRODUCTS_DIR)/Map.app/Map";
				FRAMEWORK_SEARCH_PATHS = (
					"\"$(SDKROOT)/Developer/Library/Frameworks\"",
					"\"$(DEVELOPER_LIBRARY_DIR)/Frameworks\"",
				);
				GCC_PRECOMPILE_PREFIX_HEADER = YES;
				GCC_PREFIX_HEADER = "Map/Map-Prefix.pch";
				INFOPLIST_FILE = "MapTests/MapTests-Info.plist";
				PRODUCT_NAME = "$(TARGET_NAME)";
				TEST_HOST = "$(BUNDLE_LOADER)";
				WRAPPER_EXTENSION = octest;
			};
			name = Release;
		};
/* End XCBuildConfiguration section */

/* Begin XCConfigurationList section */
		0DA67468179E6EB900876BDE /* Build configuration list for PBXProject "Map" */ = {
			isa = XCConfigurationList;
			buildConfigurations = (
				0DA674A6179E6EB900876BDE /* Debug */,
				0DA674A7179E6EB900876BDE /* Release */,
			);
			defaultConfigurationIsVisible = 0;
			defaultConfigurationName = Release;
		};
		0DA674A8179E6EB900876BDE /* Build configuration list for PBXNativeTarget "Map" */ = {
			isa = XCConfigurationList;
			buildConfigurations = (
				0DA674A9179E6EB900876BDE /* Debug */,
				0DA674AA179E6EB900876BDE /* Release */,
			);
			defaultConfigurationIsVisible = 0;
			defaultConfigurationName = Release;
		};
		0DA674AB179E6EB900876BDE /* Build configuration list for PBXNativeTarget "MapTests" */ = {
			isa = XCConfigurationList;
			buildConfigurations = (
				0DA674AC179E6EB900876BDE /* Debug */,
				0DA674AD179E6EB900876BDE /* Release */,
			);
			defaultConfigurationIsVisible = 0;
			defaultConfigurationName = Release;
		};
/* End XCConfigurationList section */
	};
	rootObject = 0DA67465179E6EB900876BDE /* Project object */;
}
